// !$*UTF8*$!
{
	archiveVersion = 1;
	classes = {
	};
	objectVersion = 52;
	objects = {

/* Begin PBXBuildFile section */
		2C02871259844F55479AFF51 /* AppMain.swift in Sources */ = {isa = PBXBuildFile; fileRef = CCDA00EBD7AF21323C587410 /* AppMain.swift */; };
		50D13B62FB5A20DEF049AFBC /* Assets.xcassets in Resources */ = {isa = PBXBuildFile; fileRef = F1D352344F2DFA24B18E6D72 /* Assets.xcassets */; };
		6469CC562815806E7F124620 /* dummy.json in Resources */ = {isa = PBXBuildFile; fileRef = FE878B79A03DBD1DA8EFE1B8 /* dummy.json */; };
		97EA1FEFAA2342493800EA75 /* DashboardPreviewTests.swift in Sources */ = {isa = PBXBuildFile; fileRef = D3E32B7961E93E24436CA215 /* DashboardPreviewTests.swift */; };
		C099EAAA71B5CE53264436BD /* TuistAssets+DashboardPreview.swift in Sources */ = {isa = PBXBuildFile; fileRef = 61B55A80FFEA60DF4D0BA30F /* TuistAssets+DashboardPreview.swift */; };
		CD47D87C41166EA0859075A8 /* Dashboard in Frameworks */ = {isa = PBXBuildFile; productRef = B0B1F18699DC12EDD92C7C81 /* Dashboard */; };
		F5C988EB497D116F5CA2B789 /* TuistBundle+DashboardPreview.swift in Sources */ = {isa = PBXBuildFile; fileRef = 8741A16368E01A57E2CDF65E /* TuistBundle+DashboardPreview.swift */; };
/* End PBXBuildFile section */

/* Begin PBXContainerItemProxy section */
		6DF028C13A6DD1429D38717C /* PBXContainerItemProxy */ = {
			isa = PBXContainerItemProxy;
			containerPortal = 8F855362D8041CF49F324D02 /* Project object */;
			proxyType = 1;
			remoteGlobalIDString = B50FB9AA173B7FAFCD5470CF;
			remoteInfo = DashboardPreview;
		};
/* End PBXContainerItemProxy section */

/* Begin PBXCopyFilesBuildPhase section */
		2FDFAE79A67013B149250012 /* Embed Frameworks */ = {
			isa = PBXCopyFilesBuildPhase;
			buildActionMask = 2147483647;
			dstPath = "";
			dstSubfolderSpec = 10;
			files = (
			);
			name = "Embed Frameworks";
			runOnlyForDeploymentPostprocessing = 0;
		};
		E3532C945E80B88A8B289EBF /* Embed Frameworks */ = {
			isa = PBXCopyFilesBuildPhase;
			buildActionMask = 2147483647;
			dstPath = "";
			dstSubfolderSpec = 10;
			files = (
			);
			name = "Embed Frameworks";
			runOnlyForDeploymentPostprocessing = 0;
		};
/* End PBXCopyFilesBuildPhase section */

/* Begin PBXFileReference section */
		0300FABBE654E00FC4C78719 /* DashboardPreviewTests-Info.plist */ = {isa = PBXFileReference; lastKnownFileType = text.plist; path = "DashboardPreviewTests-Info.plist"; sourceTree = "<group>"; };
		2C7DE96BF8B41D206737677E /* Dashboard */ = {isa = PBXFileReference; lastKnownFileType = folder; name = Dashboard; path = ../../Feature/Dashboard; sourceTree = "<group>"; };
		58DA9C51E12B4415A254D37E /* Preview.entitlements */ = {isa = PBXFileReference; lastKnownFileType = text.plist.entitlements; path = Preview.entitlements; sourceTree = "<group>"; };
		61B55A80FFEA60DF4D0BA30F /* TuistAssets+DashboardPreview.swift */ = {isa = PBXFileReference; lastKnownFileType = sourcecode.swift; path = "TuistAssets+DashboardPreview.swift"; sourceTree = "<group>"; };
		7D51DBFDD3423F2BF3866528 /* DashboardPreview-Info.plist */ = {isa = PBXFileReference; lastKnownFileType = text.plist; path = "DashboardPreview-Info.plist"; sourceTree = "<group>"; };
		8741A16368E01A57E2CDF65E /* TuistBundle+DashboardPreview.swift */ = {isa = PBXFileReference; lastKnownFileType = sourcecode.swift; path = "TuistBundle+DashboardPreview.swift"; sourceTree = "<group>"; };
		937EB3A81878090FB0846E23 /* DashboardPreview.app */ = {isa = PBXFileReference; explicitFileType = wrapper.application; includeInIndex = 0; path = DashboardPreview.app; sourceTree = BUILT_PRODUCTS_DIR; };
		CCDA00EBD7AF21323C587410 /* AppMain.swift */ = {isa = PBXFileReference; lastKnownFileType = sourcecode.swift; path = AppMain.swift; sourceTree = "<group>"; };
		D3E32B7961E93E24436CA215 /* DashboardPreviewTests.swift */ = {isa = PBXFileReference; lastKnownFileType = sourcecode.swift; path = DashboardPreviewTests.swift; sourceTree = "<group>"; };
		F1D352344F2DFA24B18E6D72 /* Assets.xcassets */ = {isa = PBXFileReference; lastKnownFileType = folder.assetcatalog; path = Assets.xcassets; sourceTree = "<group>"; };
		FE878B79A03DBD1DA8EFE1B8 /* dummy.json */ = {isa = PBXFileReference; lastKnownFileType = text.json; path = dummy.json; sourceTree = "<group>"; };
		FF879B4E2317FDFF42FA0258 /* DashboardPreviewTests.xctest */ = {isa = PBXFileReference; explicitFileType = wrapper.cfbundle; includeInIndex = 0; path = DashboardPreviewTests.xctest; sourceTree = BUILT_PRODUCTS_DIR; };
/* End PBXFileReference section */

/* Begin PBXFrameworksBuildPhase section */
		3DE69D8621E5862C9B9DEBDE /* Frameworks */ = {
			isa = PBXFrameworksBuildPhase;
			buildActionMask = 2147483647;
			files = (
				CD47D87C41166EA0859075A8 /* Dashboard in Frameworks */,
			);
			runOnlyForDeploymentPostprocessing = 0;
		};
		BFE8CD5794D0091D950EFF19 /* Frameworks */ = {
			isa = PBXFrameworksBuildPhase;
			buildActionMask = 2147483647;
			files = (
			);
			runOnlyForDeploymentPostprocessing = 0;
		};
/* End PBXFrameworksBuildPhase section */

/* Begin PBXGroup section */
		095022CD1C6A625F06CB0C2C /* Tests */ = {
			isa = PBXGroup;
			children = (
				D3E32B7961E93E24436CA215 /* DashboardPreviewTests.swift */,
			);
			path = Tests;
			sourceTree = "<group>";
		};
		0AF5724B58E899CC9BA111B0 /* Sources */ = {
			isa = PBXGroup;
			children = (
				61B55A80FFEA60DF4D0BA30F /* TuistAssets+DashboardPreview.swift */,
				8741A16368E01A57E2CDF65E /* TuistBundle+DashboardPreview.swift */,
			);
			path = Sources;
			sourceTree = "<group>";
		};
		0B84623EFFF060A7BAAA65AB /* Frameworks */ = {
			isa = PBXGroup;
			children = (
			);
			name = Frameworks;
			sourceTree = "<group>";
		};
		15573B27519DD3C790440F75 /* InfoPlists */ = {
			isa = PBXGroup;
			children = (
				7D51DBFDD3423F2BF3866528 /* DashboardPreview-Info.plist */,
				0300FABBE654E00FC4C78719 /* DashboardPreviewTests-Info.plist */,
			);
			path = InfoPlists;
			sourceTree = "<group>";
		};
		163AF781B31DC5D275AE1C85 = {
			isa = PBXGroup;
			children = (
				1AF218BAE0713C8C810B6830 /* Project */,
				0B84623EFFF060A7BAAA65AB /* Frameworks */,
				D7A97218532F8FED92892ED3 /* Products */,
				2C7DE96BF8B41D206737677E /* Dashboard */,
			);
			sourceTree = "<group>";
		};
		1AF218BAE0713C8C810B6830 /* Project */ = {
			isa = PBXGroup;
			children = (
				A030F4D602E6711522D3CD69 /* Derived */,
				2C319A9A85A27CA5BC4633E9 /* Entitlements */,
				5CCB218E3345CC47779113BC /* Resources */,
				1F9E22DB62E44C0D3172F826 /* Sources */,
				095022CD1C6A625F06CB0C2C /* Tests */,
			);
			name = Project;
			sourceTree = "<group>";
		};
		1F9E22DB62E44C0D3172F826 /* Sources */ = {
			isa = PBXGroup;
			children = (
				CCDA00EBD7AF21323C587410 /* AppMain.swift */,
			);
			path = Sources;
			sourceTree = "<group>";
		};
		2C319A9A85A27CA5BC4633E9 /* Entitlements */ = {
			isa = PBXGroup;
			children = (
				58DA9C51E12B4415A254D37E /* Preview.entitlements */,
			);
			name = Entitlements;
			path = ../../../Entitlements;
			sourceTree = "<group>";
		};
		5CCB218E3345CC47779113BC /* Resources */ = {
			isa = PBXGroup;
			children = (
				F1D352344F2DFA24B18E6D72 /* Assets.xcassets */,
				FE878B79A03DBD1DA8EFE1B8 /* dummy.json */,
			);
			path = Resources;
			sourceTree = "<group>";
		};
		A030F4D602E6711522D3CD69 /* Derived */ = {
			isa = PBXGroup;
			children = (
				15573B27519DD3C790440F75 /* InfoPlists */,
				0AF5724B58E899CC9BA111B0 /* Sources */,
			);
			path = Derived;
			sourceTree = "<group>";
		};
		D7A97218532F8FED92892ED3 /* Products */ = {
			isa = PBXGroup;
			children = (
				937EB3A81878090FB0846E23 /* DashboardPreview.app */,
				FF879B4E2317FDFF42FA0258 /* DashboardPreviewTests.xctest */,
			);
			name = Products;
			sourceTree = "<group>";
		};
/* End PBXGroup section */

/* Begin PBXNativeTarget section */
		33BBDB1526F54E35D846E2C4 /* DashboardPreviewTests */ = {
			isa = PBXNativeTarget;
			buildConfigurationList = 01236BD416F0BFD4FC787F09 /* Build configuration list for PBXNativeTarget "DashboardPreviewTests" */;
			buildPhases = (
				D4685B56C155BA32F916343E /* Sources */,
				FA646BA772164BED110A8FCD /* Resources */,
				E3532C945E80B88A8B289EBF /* Embed Frameworks */,
				BFE8CD5794D0091D950EFF19 /* Frameworks */,
			);
			buildRules = (
			);
			dependencies = (
				21C8C59F606D107936CC37E1 /* PBXTargetDependency */,
			);
			name = DashboardPreviewTests;
			productName = DashboardPreviewTests;
			productReference = FF879B4E2317FDFF42FA0258 /* DashboardPreviewTests.xctest */;
			productType = "com.apple.product-type.bundle.unit-test";
		};
		B50FB9AA173B7FAFCD5470CF /* DashboardPreview */ = {
			isa = PBXNativeTarget;
			buildConfigurationList = 8E52FFA39E19BDB0E85098DC /* Build configuration list for PBXNativeTarget "DashboardPreview" */;
			buildPhases = (
				D7EC266B2D68E85F45C9A866 /* Sources */,
				D3A3725B603C52C42F69E9D6 /* Resources */,
				2FDFAE79A67013B149250012 /* Embed Frameworks */,
				3DE69D8621E5862C9B9DEBDE /* Frameworks */,
			);
			buildRules = (
			);
			dependencies = (
			);
			name = DashboardPreview;
			packageProductDependencies = (
				B0B1F18699DC12EDD92C7C81 /* Dashboard */,
			);
			productName = DashboardPreview;
			productReference = 937EB3A81878090FB0846E23 /* DashboardPreview.app */;
			productType = "com.apple.product-type.application";
		};
/* End PBXNativeTarget section */

/* Begin PBXProject section */
		8F855362D8041CF49F324D02 /* Project object */ = {
			isa = PBXProject;
			attributes = {
				ORGANIZATIONNAME = myCompany;
				TargetAttributes = {
					33BBDB1526F54E35D846E2C4 = {
						TestTargetID = B50FB9AA173B7FAFCD5470CF;
					};
				};
			};
			buildConfigurationList = B692C46B8C546ABC5DEF3AFE /* Build configuration list for PBXProject "DashboardPreview" */;
			compatibilityVersion = "Xcode 13.0";
			developmentRegion = en;
			hasScannedForEncodings = 0;
			knownRegions = (
				Base,
				en,
			);
			mainGroup = 163AF781B31DC5D275AE1C85;
			productRefGroup = D7A97218532F8FED92892ED3 /* Products */;
			projectDirPath = "";
			projectRoot = "";
			targets = (
				B50FB9AA173B7FAFCD5470CF /* DashboardPreview */,
				33BBDB1526F54E35D846E2C4 /* DashboardPreviewTests */,
			);
		};
/* End PBXProject section */

/* Begin PBXResourcesBuildPhase section */
		D3A3725B603C52C42F69E9D6 /* Resources */ = {
			isa = PBXResourcesBuildPhase;
			buildActionMask = 2147483647;
			files = (
				50D13B62FB5A20DEF049AFBC /* Assets.xcassets in Resources */,
				6469CC562815806E7F124620 /* dummy.json in Resources */,
			);
			runOnlyForDeploymentPostprocessing = 0;
		};
		FA646BA772164BED110A8FCD /* Resources */ = {
			isa = PBXResourcesBuildPhase;
			buildActionMask = 2147483647;
			files = (
			);
			runOnlyForDeploymentPostprocessing = 0;
		};
/* End PBXResourcesBuildPhase section */

/* Begin PBXSourcesBuildPhase section */
		D4685B56C155BA32F916343E /* Sources */ = {
			isa = PBXSourcesBuildPhase;
			buildActionMask = 2147483647;
			files = (
				97EA1FEFAA2342493800EA75 /* DashboardPreviewTests.swift in Sources */,
			);
			runOnlyForDeploymentPostprocessing = 0;
		};
		D7EC266B2D68E85F45C9A866 /* Sources */ = {
			isa = PBXSourcesBuildPhase;
			buildActionMask = 2147483647;
			files = (
				C099EAAA71B5CE53264436BD /* TuistAssets+DashboardPreview.swift in Sources */,
				F5C988EB497D116F5CA2B789 /* TuistBundle+DashboardPreview.swift in Sources */,
				2C02871259844F55479AFF51 /* AppMain.swift in Sources */,
			);
			runOnlyForDeploymentPostprocessing = 0;
		};
/* End PBXSourcesBuildPhase section */

/* Begin PBXTargetDependency section */
		21C8C59F606D107936CC37E1 /* PBXTargetDependency */ = {
			isa = PBXTargetDependency;
			name = DashboardPreview;
			target = B50FB9AA173B7FAFCD5470CF /* DashboardPreview */;
			targetProxy = 6DF028C13A6DD1429D38717C /* PBXContainerItemProxy */;
		};
/* End PBXTargetDependency section */

/* Begin XCBuildConfiguration section */
		163E4A2C9A98B8AC1D41B261 /* Debug */ = {
			isa = XCBuildConfiguration;
			buildSettings = {
				ASSETCATALOG_COMPILER_APPICON_NAME = AppIcon;
				CODE_SIGN_ENTITLEMENTS = "$(SRCROOT)/../../../Entitlements/Preview.entitlements";
				CODE_SIGN_IDENTITY = "iPhone Developer";
				CODE_SIGN_STYLE = Automatic;
				DEVELOPMENT_TEAM = DEVELOPMENT_TEAM;
				ENABLE_PREVIEWS = YES;
				INFOPLIST_FILE = "Derived/InfoPlists/DashboardPreview-Info.plist";
				IPHONEOS_DEPLOYMENT_TARGET = 15.0;
				LD_RUNPATH_SEARCH_PATHS = (
					"$(inherited)",
					"@executable_path/Frameworks",
				);
				PRODUCT_BUNDLE_IDENTIFIER = com.myCompany.dashboard.preview;
				PRODUCT_NAME = DashboardPreview;
				SDKROOT = iphoneos;
				SUPPORTS_MACCATALYST = NO;
				SWIFT_ACTIVE_COMPILATION_CONDITIONS = DEBUG;
				SWIFT_COMPILATION_MODE = singlefile;
				SWIFT_OPTIMIZATION_LEVEL = "-Onone";
				SWIFT_VERSION = 5.0;
				TARGETED_DEVICE_FAMILY = "1,2";
			};
			name = Debug;
		};
		29B5FE7E0F617A8315EC7A02 /* Debug */ = {
			isa = XCBuildConfiguration;
			buildSettings = {
				ALWAYS_SEARCH_USER_PATHS = NO;
				CLANG_ANALYZER_LOCALIZABILITY_NONLOCALIZED = YES;
				CLANG_ANALYZER_NONNULL = YES;
				CLANG_ANALYZER_NUMBER_OBJECT_CONVERSION = YES_AGGRESSIVE;
				CLANG_CXX_LANGUAGE_STANDARD = "gnu++14";
				CLANG_CXX_LIBRARY = "libc++";
				CLANG_ENABLE_MODULES = YES;
				CLANG_ENABLE_OBJC_ARC = YES;
				CLANG_ENABLE_OBJC_WEAK = YES;
				CLANG_WARN_BLOCK_CAPTURE_AUTORELEASING = YES;
				CLANG_WARN_BOOL_CONVERSION = YES;
				CLANG_WARN_COMMA = YES;
				CLANG_WARN_CONSTANT_CONVERSION = YES;
				CLANG_WARN_DEPRECATED_OBJC_IMPLEMENTATIONS = YES;
				CLANG_WARN_DIRECT_OBJC_ISA_USAGE = YES_ERROR;
				CLANG_WARN_DOCUMENTATION_COMMENTS = YES;
				CLANG_WARN_EMPTY_BODY = YES;
				CLANG_WARN_ENUM_CONVERSION = YES;
				CLANG_WARN_INFINITE_RECURSION = YES;
				CLANG_WARN_INT_CONVERSION = YES;
				CLANG_WARN_NON_LITERAL_NULL_CONVERSION = YES;
				CLANG_WARN_OBJC_IMPLICIT_RETAIN_SELF = YES;
				CLANG_WARN_OBJC_LITERAL_CONVERSION = YES;
				CLANG_WARN_OBJC_ROOT_CLASS = YES_ERROR;
				CLANG_WARN_QUOTED_INCLUDE_IN_FRAMEWORK_HEADER = YES;
				CLANG_WARN_RANGE_LOOP_ANALYSIS = YES;
				CLANG_WARN_STRICT_PROTOTYPES = YES;
				CLANG_WARN_SUSPICIOUS_MOVE = YES;
				CLANG_WARN_UNGUARDED_AVAILABILITY = YES_AGGRESSIVE;
				CLANG_WARN_UNREACHABLE_CODE = YES;
				CLANG_WARN__DUPLICATE_METHOD_MATCH = YES;
				COPY_PHASE_STRIP = NO;
				DEAD_CODE_STRIPPING = YES;
				DEBUG_INFORMATION_FORMAT = dwarf;
				ENABLE_STRICT_OBJC_MSGSEND = YES;
				ENABLE_TESTABILITY = YES;
				GCC_C_LANGUAGE_STANDARD = gnu11;
				GCC_DYNAMIC_NO_PIC = NO;
				GCC_NO_COMMON_BLOCKS = YES;
				GCC_OPTIMIZATION_LEVEL = 0;
				GCC_PREPROCESSOR_DEFINITIONS = (
					"DEBUG=1",
					"$(inherited)",
				);
				GCC_WARN_64_TO_32_BIT_CONVERSION = YES;
				GCC_WARN_ABOUT_RETURN_TYPE = YES_ERROR;
				GCC_WARN_UNDECLARED_SELECTOR = YES;
				GCC_WARN_UNINITIALIZED_AUTOS = YES_AGGRESSIVE;
				GCC_WARN_UNUSED_FUNCTION = YES;
				GCC_WARN_UNUSED_VARIABLE = YES;
				MTL_ENABLE_DEBUG_INFO = YES;
				ONLY_ACTIVE_ARCH = YES;
				PRODUCT_NAME = "$(TARGET_NAME)";
			};
			name = Debug;
		};
		482CDA90F512FC60A4425092 /* Release */ = {
			isa = XCBuildConfiguration;
			buildSettings = {
				ASSETCATALOG_COMPILER_APPICON_NAME = AppIcon;
				CODE_SIGN_ENTITLEMENTS = "$(SRCROOT)/../../../Entitlements/Preview.entitlements";
				CODE_SIGN_IDENTITY = "iPhone Developer";
				CODE_SIGN_STYLE = Automatic;
				DEVELOPMENT_TEAM = DEVELOPMENT_TEAM;
				ENABLE_PREVIEWS = YES;
				INFOPLIST_FILE = "Derived/InfoPlists/DashboardPreview-Info.plist";
				IPHONEOS_DEPLOYMENT_TARGET = 15.0;
				LD_RUNPATH_SEARCH_PATHS = (
					"$(inherited)",
					"@executable_path/Frameworks",
				);
				PRODUCT_BUNDLE_IDENTIFIER = com.myCompany.dashboard.preview;
				PRODUCT_NAME = DashboardPreview;
				SDKROOT = iphoneos;
				SUPPORTS_MACCATALYST = NO;
				SWIFT_COMPILATION_MODE = wholemodule;
				SWIFT_OPTIMIZATION_LEVEL = "-Owholemodule";
				SWIFT_VERSION = 5.0;
				TARGETED_DEVICE_FAMILY = "1,2";
			};
			name = Release;
		};
		6081FC80B2325CF5E2C59EE6 /* Debug */ = {
			isa = XCBuildConfiguration;
			buildSettings = {
				BUNDLE_LOADER = "$(TEST_HOST)";
				CODE_SIGN_IDENTITY = "iPhone Developer";
				CODE_SIGN_STYLE = Automatic;
				DEVELOPMENT_TEAM = DEVELOPMENT_TEAM;
				INFOPLIST_FILE = "Derived/InfoPlists/DashboardPreviewTests-Info.plist";
				IPHONEOS_DEPLOYMENT_TARGET = 15.0;
				LD_RUNPATH_SEARCH_PATHS = (
					"$(inherited)",
					"@executable_path/Frameworks",
					"@loader_path/Frameworks",
				);
				PRODUCT_BUNDLE_IDENTIFIER = com.myCompany.dashboard.preview.tests;
				PRODUCT_NAME = DashboardPreviewTests;
				SDKROOT = iphoneos;
				SUPPORTS_MACCATALYST = NO;
				SWIFT_ACTIVE_COMPILATION_CONDITIONS = DEBUG;
				SWIFT_COMPILATION_MODE = singlefile;
				SWIFT_OPTIMIZATION_LEVEL = "-Onone";
				SWIFT_VERSION = 5.0;
				TARGETED_DEVICE_FAMILY = "1,2";
				TEST_HOST = "$(BUILT_PRODUCTS_DIR)/DashboardPreview.app/DashboardPreview";
				TEST_TARGET_NAME = DashboardPreview;
			};
			name = Debug;
		};
		652B1F7E6280246532E5579E /* Release */ = {
			isa = XCBuildConfiguration;
			buildSettings = {
				BUNDLE_LOADER = "$(TEST_HOST)";
				CODE_SIGN_IDENTITY = "iPhone Developer";
				CODE_SIGN_STYLE = Automatic;
				DEVELOPMENT_TEAM = DEVELOPMENT_TEAM;
				INFOPLIST_FILE = "Derived/InfoPlists/DashboardPreviewTests-Info.plist";
				IPHONEOS_DEPLOYMENT_TARGET = 15.0;
				LD_RUNPATH_SEARCH_PATHS = (
					"$(inherited)",
					"@executable_path/Frameworks",
					"@loader_path/Frameworks",
				);
				PRODUCT_BUNDLE_IDENTIFIER = com.myCompany.dashboard.preview.tests;
				PRODUCT_NAME = DashboardPreviewTests;
				SDKROOT = iphoneos;
				SUPPORTS_MACCATALYST = NO;
				SWIFT_COMPILATION_MODE = wholemodule;
				SWIFT_OPTIMIZATION_LEVEL = "-Owholemodule";
				SWIFT_VERSION = 5.0;
				TARGETED_DEVICE_FAMILY = "1,2";
				TEST_HOST = "$(BUILT_PRODUCTS_DIR)/DashboardPreview.app/DashboardPreview";
				TEST_TARGET_NAME = DashboardPreview;
			};
			name = Release;
		};
		6DE05575906C0BA1CE953663 /* Release */ = {
			isa = XCBuildConfiguration;
			buildSettings = {
				ALWAYS_SEARCH_USER_PATHS = NO;
				CLANG_ANALYZER_LOCALIZABILITY_NONLOCALIZED = YES;
				CLANG_ANALYZER_NONNULL = YES;
				CLANG_ANALYZER_NUMBER_OBJECT_CONVERSION = YES_AGGRESSIVE;
				CLANG_CXX_LANGUAGE_STANDARD = "gnu++14";
				CLANG_CXX_LIBRARY = "libc++";
				CLANG_ENABLE_MODULES = YES;
				CLANG_ENABLE_OBJC_ARC = YES;
				CLANG_ENABLE_OBJC_WEAK = YES;
				CLANG_WARN_BLOCK_CAPTURE_AUTORELEASING = YES;
				CLANG_WARN_BOOL_CONVERSION = YES;
				CLANG_WARN_COMMA = YES;
				CLANG_WARN_CONSTANT_CONVERSION = YES;
				CLANG_WARN_DEPRECATED_OBJC_IMPLEMENTATIONS = YES;
				CLANG_WARN_DIRECT_OBJC_ISA_USAGE = YES_ERROR;
				CLANG_WARN_DOCUMENTATION_COMMENTS = YES;
				CLANG_WARN_EMPTY_BODY = YES;
				CLANG_WARN_ENUM_CONVERSION = YES;
				CLANG_WARN_INFINITE_RECURSION = YES;
				CLANG_WARN_INT_CONVERSION = YES;
				CLANG_WARN_NON_LITERAL_NULL_CONVERSION = YES;
				CLANG_WARN_OBJC_IMPLICIT_RETAIN_SELF = YES;
				CLANG_WARN_OBJC_LITERAL_CONVERSION = YES;
				CLANG_WARN_OBJC_ROOT_CLASS = YES_ERROR;
				CLANG_WARN_QUOTED_INCLUDE_IN_FRAMEWORK_HEADER = YES;
				CLANG_WARN_RANGE_LOOP_ANALYSIS = YES;
				CLANG_WARN_STRICT_PROTOTYPES = YES;
				CLANG_WARN_SUSPICIOUS_MOVE = YES;
				CLANG_WARN_UNGUARDED_AVAILABILITY = YES_AGGRESSIVE;
				CLANG_WARN_UNREACHABLE_CODE = YES;
				CLANG_WARN__DUPLICATE_METHOD_MATCH = YES;
				COPY_PHASE_STRIP = NO;
				DEAD_CODE_STRIPPING = YES;
				DEBUG_INFORMATION_FORMAT = "dwarf-with-dsym";
				ENABLE_NS_ASSERTIONS = NO;
				ENABLE_STRICT_OBJC_MSGSEND = YES;
				GCC_C_LANGUAGE_STANDARD = gnu11;
				GCC_NO_COMMON_BLOCKS = YES;
				GCC_WARN_64_TO_32_BIT_CONVERSION = YES;
				GCC_WARN_ABOUT_RETURN_TYPE = YES_ERROR;
				GCC_WARN_UNDECLARED_SELECTOR = YES;
				GCC_WARN_UNINITIALIZED_AUTOS = YES_AGGRESSIVE;
				GCC_WARN_UNUSED_FUNCTION = YES;
				GCC_WARN_UNUSED_VARIABLE = YES;
				MTL_ENABLE_DEBUG_INFO = NO;
				PRODUCT_NAME = "$(TARGET_NAME)";
				VALIDATE_PRODUCT = YES;
			};
			name = Release;
		};
/* End XCBuildConfiguration section */

/* Begin XCConfigurationList section */
		01236BD416F0BFD4FC787F09 /* Build configuration list for PBXNativeTarget "DashboardPreviewTests" */ = {
			isa = XCConfigurationList;
			buildConfigurations = (
				6081FC80B2325CF5E2C59EE6 /* Debug */,
				652B1F7E6280246532E5579E /* Release */,
			);
			defaultConfigurationIsVisible = 0;
			defaultConfigurationName = Release;
		};
		8E52FFA39E19BDB0E85098DC /* Build configuration list for PBXNativeTarget "DashboardPreview" */ = {
			isa = XCConfigurationList;
			buildConfigurations = (
				163E4A2C9A98B8AC1D41B261 /* Debug */,
				482CDA90F512FC60A4425092 /* Release */,
			);
			defaultConfigurationIsVisible = 0;
			defaultConfigurationName = Release;
		};
		B692C46B8C546ABC5DEF3AFE /* Build configuration list for PBXProject "DashboardPreview" */ = {
			isa = XCConfigurationList;
			buildConfigurations = (
				29B5FE7E0F617A8315EC7A02 /* Debug */,
				6DE05575906C0BA1CE953663 /* Release */,
			);
			defaultConfigurationIsVisible = 0;
			defaultConfigurationName = Release;
		};
/* End XCConfigurationList section */

/* Begin XCSwiftPackageProductDependency section */
		B0B1F18699DC12EDD92C7C81 /* Dashboard */ = {
			isa = XCSwiftPackageProductDependency;
			productName = Dashboard;
		};
/* End XCSwiftPackageProductDependency section */
	};
	rootObject = 8F855362D8041CF49F324D02 /* Project object */;
}
