<?xml version="1.0" encoding="UTF-8"?>
<Scheme
   LastUpgradeVersion = "1010"
   version = "1.3">
   <BuildAction
      parallelizeBuildables = "YES"
      buildImplicitDependencies = "YES">
      <BuildActionEntries>
         <BuildActionEntry
            buildForTesting = "YES"
            buildForRunning = "YES"
            buildForProfiling = "YES"
            buildForArchiving = "YES"
            buildForAnalyzing = "YES">
            <BuildableReference
               BuildableIdentifier = "primary"
               BlueprintIdentifier = "D1B4B1BC0E723196ABF7F75E"
               BuildableName = "AuthencationPreview.app"
               BlueprintName = "AuthencationPreview"
               ReferencedContainer = "container:Project/Previews/AuthencationPreview/AuthencationPreview.xcodeproj">
            </BuildableReference>
         </BuildActionEntry>
         <BuildActionEntry
            buildForTesting = "YES"
            buildForRunning = "YES"
            buildForProfiling = "YES"
            buildForArchiving = "YES"
            buildForAnalyzing = "YES">
            <BuildableReference
               BuildableIdentifier = "primary"
               BlueprintIdentifier = "04340A0343734F6853F5CF05"
               BuildableName = "AuthencationPreviewTests.xctest"
               BlueprintName = "AuthencationPreviewTests"
               ReferencedContainer = "container:Project/Previews/AuthencationPreview/AuthencationPreview.xcodeproj">
            </BuildableReference>
         </BuildActionEntry>
         <BuildActionEntry
            buildForTesting = "YES"
            buildForRunning = "YES"
            buildForProfiling = "YES"
            buildForArchiving = "YES"
            buildForAnalyzing = "YES">
            <BuildableReference
               BuildableIdentifier = "primary"
               BlueprintIdentifier = "B50FB9AA173B7FAFCD5470CF"
               BuildableName = "DashboardPreview.app"
               BlueprintName = "DashboardPreview"
               ReferencedContainer = "container:Project/Previews/DashboardPreview/DashboardPreview.xcodeproj">
            </BuildableReference>
         </BuildActionEntry>
         <BuildActionEntry
            buildForTesting = "YES"
            buildForRunning = "YES"
            buildForProfiling = "YES"
            buildForArchiving = "YES"
            buildForAnalyzing = "YES">
            <BuildableReference
               BuildableIdentifier = "primary"
               BlueprintIdentifier = "33BBDB1526F54E35D846E2C4"
               BuildableName = "DashboardPreviewTests.xctest"
               BlueprintName = "DashboardPreviewTests"
               ReferencedContainer = "container:Project/Previews/DashboardPreview/DashboardPreview.xcodeproj">
            </BuildableReference>
         </BuildActionEntry>
         <BuildActionEntry
            buildForTesting = "YES"
            buildForRunning = "YES"
            buildForProfiling = "YES"
            buildForArchiving = "YES"
            buildForAnalyzing = "YES">
            <BuildableReference
               BuildableIdentifier = "primary"
               BlueprintIdentifier = "10E7A52FF0EDA4D2AE4F526C"
               BuildableName = "EventPreview.app"
               BlueprintName = "EventPreview"
               ReferencedContainer = "container:Project/Previews/EventPreview/EventPreview.xcodeproj">
            </BuildableReference>
         </BuildActionEntry>
         <BuildActionEntry
            buildForTesting = "YES"
            buildForRunning = "YES"
            buildForProfiling = "YES"
            buildForArchiving = "YES"
            buildForAnalyzing = "YES">
            <BuildableReference
               BuildableIdentifier = "primary"
               BlueprintIdentifier = "1F183F42B7CFB8297D835D3F"
               BuildableName = "EventPreviewTests.xctest"
               BlueprintName = "EventPreviewTests"
               ReferencedContainer = "container:Project/Previews/EventPreview/EventPreview.xcodeproj">
            </BuildableReference>
         </BuildActionEntry>
         <BuildActionEntry
            buildForTesting = "YES"
            buildForRunning = "YES"
            buildForProfiling = "YES"
            buildForArchiving = "YES"
            buildForAnalyzing = "YES">
            <BuildableReference
               BuildableIdentifier = "primary"
               BlueprintIdentifier = "19E0B161BFDB719484C03F38"
               BuildableName = "MePreview.app"
               BlueprintName = "MePreview"
               ReferencedContainer = "container:Project/Previews/MePreview/MePreview.xcodeproj">
            </BuildableReference>
         </BuildActionEntry>
         <BuildActionEntry
            buildForTesting = "YES"
            buildForRunning = "YES"
            buildForProfiling = "YES"
            buildForArchiving = "YES"
            buildForAnalyzing = "YES">
            <BuildableReference
               BuildableIdentifier = "primary"
               BlueprintIdentifier = "6E74A24718F6C5CE8AE90382"
               BuildableName = "MePreviewTests.xctest"
               BlueprintName = "MePreviewTests"
               ReferencedContainer = "container:Project/Previews/MePreview/MePreview.xcodeproj">
            </BuildableReference>
         </BuildActionEntry>
         <BuildActionEntry
            buildForTesting = "YES"
            buildForRunning = "YES"
            buildForProfiling = "YES"
            buildForArchiving = "YES"
            buildForAnalyzing = "YES">
            <BuildableReference
               BuildableIdentifier = "primary"
               BlueprintIdentifier = "95B215AF326162D28887FCB1"
               BuildableName = "MyApp.app"
               BlueprintName = "MyApp"
               ReferencedContainer = "container:Project/MyApp/MyApp.xcodeproj">
            </BuildableReference>
         </BuildActionEntry>
         <BuildActionEntry
            buildForTesting = "YES"
            buildForRunning = "YES"
            buildForProfiling = "YES"
            buildForArchiving = "YES"
            buildForAnalyzing = "YES">
            <BuildableReference
               BuildableIdentifier = "primary"
               BlueprintIdentifier = "4C014854FF07031B703B14D5"
               BuildableName = "MyApp_QA.app"
               BlueprintName = "MyApp-QA"
               ReferencedContainer = "container:Project/MyApp/MyApp.xcodeproj">
            </BuildableReference>
         </BuildActionEntry>
         <BuildActionEntry
            buildForTesting = "YES"
            buildForRunning = "YES"
            buildForProfiling = "YES"
            buildForArchiving = "YES"
            buildForAnalyzing = "YES">
            <BuildableReference
               BuildableIdentifier = "primary"
               BlueprintIdentifier = "5104944F3E60EFD415650BB0"
               BuildableName = "MyAppTests.xctest"
               BlueprintName = "MyAppTests"
               ReferencedContainer = "container:Project/MyApp/MyApp.xcodeproj">
            </BuildableReference>
         </BuildActionEntry>
      </BuildActionEntries>
   </BuildAction>
   <TestAction
      buildConfiguration = "Debug"
      selectedDebuggerIdentifier = "Xcode.DebuggerFoundation.Debugger.LLDB"
      selectedLauncherIdentifier = "Xcode.DebuggerFoundation.Launcher.LLDB"
      shouldUseLaunchSchemeArgsEnv = "YES">
      <Testables>
         <TestableReference
            skipped = "NO">
            <BuildableReference
               BuildableIdentifier = "primary"
               BlueprintIdentifier = "04340A0343734F6853F5CF05"
               BuildableName = "AuthencationPreviewTests.xctest"
               BlueprintName = "AuthencationPreviewTests"
               ReferencedContainer = "container:Project/Previews/AuthencationPreview/AuthencationPreview.xcodeproj">
            </BuildableReference>
         </TestableReference>
         <TestableReference
            skipped = "NO">
            <BuildableReference
               BuildableIdentifier = "primary"
               BlueprintIdentifier = "33BBDB1526F54E35D846E2C4"
               BuildableName = "DashboardPreviewTests.xctest"
               BlueprintName = "DashboardPreviewTests"
               ReferencedContainer = "container:Project/Previews/DashboardPreview/DashboardPreview.xcodeproj">
            </BuildableReference>
         </TestableReference>
         <TestableReference
            skipped = "NO">
            <BuildableReference
               BuildableIdentifier = "primary"
               BlueprintIdentifier = "1F183F42B7CFB8297D835D3F"
               BuildableName = "EventPreviewTests.xctest"
               BlueprintName = "EventPreviewTests"
               ReferencedContainer = "container:Project/Previews/EventPreview/EventPreview.xcodeproj">
            </BuildableReference>
         </TestableReference>
         <TestableReference
            skipped = "NO">
            <BuildableReference
               BuildableIdentifier = "primary"
               BlueprintIdentifier = "6E74A24718F6C5CE8AE90382"
               BuildableName = "MePreviewTests.xctest"
               BlueprintName = "MePreviewTests"
               ReferencedContainer = "container:Project/Previews/MePreview/MePreview.xcodeproj">
            </BuildableReference>
         </TestableReference>
         <TestableReference
            skipped = "NO">
            <BuildableReference
               BuildableIdentifier = "primary"
               BlueprintIdentifier = "5104944F3E60EFD415650BB0"
               BuildableName = "MyAppTests.xctest"
               BlueprintName = "MyAppTests"
               ReferencedContainer = "container:Project/MyApp/MyApp.xcodeproj">
            </BuildableReference>
         </TestableReference>
      </Testables>
   </TestAction>
   <LaunchAction
      buildConfiguration = "Debug"
      selectedDebuggerIdentifier = "Xcode.DebuggerFoundation.Debugger.LLDB"
      selectedLauncherIdentifier = "Xcode.DebuggerFoundation.Launcher.LLDB"
      launchStyle = "0"
      useCustomWorkingDirectory = "NO"
      ignoresPersistentStateOnLaunch = "NO"
      debugDocumentVersioning = "YES"
      debugServiceExtension = "internal"
      allowLocationSimulation = "YES">
      <BuildableProductRunnable
         runnableDebuggingMode = "0">
         <BuildableReference
            BuildableIdentifier = "primary"
            BlueprintIdentifier = "D1B4B1BC0E723196ABF7F75E"
            BuildableName = "AuthencationPreview.app"
            BlueprintName = "AuthencationPreview"
            ReferencedContainer = "container:Project/Previews/AuthencationPreview/AuthencationPreview.xcodeproj">
         </BuildableReference>
      </BuildableProductRunnable>
   </LaunchAction>
   <ProfileAction
      buildConfiguration = "Release"
      shouldUseLaunchSchemeArgsEnv = "YES"
      savedToolIdentifier = ""
      useCustomWorkingDirectory = "NO"
      debugDocumentVersioning = "YES">
      <BuildableProductRunnable
         runnableDebuggingMode = "0">
         <BuildableReference
            BuildableIdentifier = "primary"
            BlueprintIdentifier = "D1B4B1BC0E723196ABF7F75E"
            BuildableName = "AuthencationPreview.app"
            BlueprintName = "AuthencationPreview"
            ReferencedContainer = "container:Project/Previews/AuthencationPreview/AuthencationPreview.xcodeproj">
         </BuildableReference>
      </BuildableProductRunnable>
   </ProfileAction>
   <AnalyzeAction
      buildConfiguration = "Debug">
   </AnalyzeAction>
   <ArchiveAction
      buildConfiguration = "Release"
      revealArchiveInOrganizer = "YES">
   </ArchiveAction>
</Scheme>
